
Microsoft Visual Studio Solution File, Format Version 12.00
# Visual Studio Version 17
VisualStudioVersion = 17.10.34902.84
MinimumVisualStudioVersion = 10.0.40219.1
Project("{9A19103F-16F7-4668-BE54-9A1E7A4F7556}") = "SDRNet.Radio", "SDRNet.Radio\SDRNet.Radio.csproj", "{505B0C91-F272-47D9-B07D-AA286FD16B71}"
EndProject
Project("{9A19103F-16F7-4668-BE54-9A1E7A4F7556}") = "SDRNet.RTLSDR", "SDRNet.RTLSDR\SDRNet.RTLSDR.csproj", "{1CF45F64-F64C-4D37-9F20-7BCD5CA1BE68}"
EndProject
Project("{FAE04EC0-301F-11D3-BF4B-00C04F79EFBC}") = "SDRNet.RTLTCP", "SDRNet.RTLTCP\SDRNet.RTLTCP.csproj", "{D97F3CB4-E431-47E4-A8E1-F4C2438C3D38}"
EndProject
Global
	GlobalSection(SolutionConfigurationPlatforms) = preSolution
		Debug|Any CPU = Debug|Any CPU
		Release|Any CPU = Release|Any CPU
	EndGlobalSection
	GlobalSection(ProjectConfigurationPlatforms) = postSolution
		{505B0C91-F272-47D9-B07D-AA286FD16B71}.Debug|Any CPU.ActiveCfg = Debug|Any CPU
		{505B0C91-F272-47D9-B07D-AA286FD16B71}.Debug|Any CPU.Build.0 = Debug|Any CPU
		{505B0C91-F272-47D9-B07D-AA286FD16B71}.Release|Any CPU.ActiveCfg = Release|Any CPU
		{505B0C91-F272-47D9-B07D-AA286FD16B71}.Release|Any CPU.Build.0 = Release|Any CPU
		{1CF45F64-F64C-4D37-9F20-7BCD5CA1BE68}.Debug|Any CPU.ActiveCfg = Debug|Any CPU
		{1CF45F64-F64C-4D37-9F20-7BCD5CA1BE68}.Debug|Any CPU.Build.0 = Debug|Any CPU
		{1CF45F64-F64C-4D37-9F20-7BCD5CA1BE68}.Release|Any CPU.ActiveCfg = Release|Any CPU
		{1CF45F64-F64C-4D37-9F20-7BCD5CA1BE68}.Release|Any CPU.Build.0 = Release|Any CPU
		{D97F3CB4-E431-47E4-A8E1-F4C2438C3D38}.Debug|Any CPU.ActiveCfg = Debug|Any CPU
		{D97F3CB4-E431-47E4-A8E1-F4C2438C3D38}.Debug|Any CPU.Build.0 = Debug|Any CPU
		{D97F3CB4-E431-47E4-A8E1-F4C2438C3D38}.Release|Any CPU.ActiveCfg = Release|Any CPU
		{D97F3CB4-E431-47E4-A8E1-F4C2438C3D38}.Release|Any CPU.Build.0 = Release|Any CPU
	EndGlobalSection
	GlobalSection(SolutionProperties) = preSolution
		HideSolutionNode = FALSE
	EndGlobalSection
	GlobalSection(ExtensibilityGlobals) = postSolution
		SolutionGuid = {FD1E2EA2-6537-4F06-AE04-EEEC12356E81}
	EndGlobalSection
EndGlobal
